
Microsoft Visual Studio Solution File, Format Version 12.00
# Visual Studio Version 17
VisualStudioVersion = 17.8.34525.116
MinimumVisualStudioVersion = 10.0.40219.1
Project("{FAE04EC0-301F-11D3-BF4B-00C04F79EFBC}") = "LoginAndRegister", "LoginAndRegister\LoginAndRegister.csproj", "{0B03500E-BF68-40E2-9F24-4C21AC1A52B6}"
EndProject
Global
	GlobalSection(SolutionConfigurationPlatforms) = preSolution
		Debug|Any CPU = Debug|Any CPU
		Release|Any CPU = Release|Any CPU
	EndGlobalSection
	GlobalSection(ProjectConfigurationPlatforms) = postSolution
		{0B03500E-BF68-40E2-9F24-4C21AC1A52B6}.Debug|Any CPU.ActiveCfg = Debug|Any CPU
		{0B03500E-BF68-40E2-9F24-4C21AC1A52B6}.Debug|Any CPU.Build.0 = Debug|Any CPU
		{0B03500E-BF68-40E2-9F24-4C21AC1A52B6}.Release|Any CPU.ActiveCfg = Release|Any CPU
		{0B03500E-BF68-40E2-9F24-4C21AC1A52B6}.Release|Any CPU.Build.0 = Release|Any CPU
	EndGlobalSection
	GlobalSection(SolutionProperties) = preSolution
		HideSolutionNode = FALSE
	EndGlobalSection
	GlobalSection(ExtensibilityGlobals) = postSolution
		SolutionGuid = {A5C73B24-0B28-4A32-8797-99EDBDF82671}
	EndGlobalSection
EndGlobal
